
Microsoft Visual Studio Solution File, Format Version 12.00
# Visual Studio Version 16
VisualStudioVersion = 16.0.30804.86
MinimumVisualStudioVersion = 10.0.40219.1
Project("{9A19103F-16F7-4668-BE54-9A1E7A4F7556}") = "TTNAPIApplicationToAzureIoTDeviceClient", "TTNAPIApplicationToAzureIoTDeviceClient\TTNAPIApplicationToAzureIoTDeviceClient.csproj", "{03378CE8-5EFD-4964-8954-BE563FFE4269}"
EndProject
Project("{9A19103F-16F7-4668-BE54-9A1E7A4F7556}") = "TTNAPIOpenAPIClient", "TTNAPIOpenAPIClient\TTNAPIOpenAPIClient.csproj", "{B0A26F1F-FC94-41C1-B4F5-337F7C88C08D}"
EndProject
Project("{9A19103F-16F7-4668-BE54-9A1E7A4F7556}") = "MQTTnetAzureFunction", "MQTTnetAzureFunction\MQTTnetAzureFunction.csproj", "{BA05546C-C295-4CC4-B669-E4672D79B998}"
EndProject
Project("{9A19103F-16F7-4668-BE54-9A1E7A4F7556}") = "AzureIoTCentralClient", "AzureIoTCentralClient\AzureIoTCentralClient.csproj", "{CFA46781-66EA-4237-B84A-D23FE36740C3}"
EndProject
Project("{9A19103F-16F7-4668-BE54-9A1E7A4F7556}") = "AzureWorkerService", "AzureWorkerService\AzureWorkerService.csproj", "{22E838DA-011C-4FDF-A238-38887FBF2457}"
EndProject
Project("{FAE04EC0-301F-11D3-BF4B-00C04F79EFBC}") = "TheThingsIndustriesAzureIoTConnector", "TheThingsIndustriesAzureIoTConnector\TheThingsIndustriesAzureIoTConnector.csproj", "{D7A66DC7-F497-4280-8793-3F40E0475DAF}"
EndProject
Global
	GlobalSection(SolutionConfigurationPlatforms) = preSolution
		Debug|Any CPU = Debug|Any CPU
		Release|Any CPU = Release|Any CPU
	EndGlobalSection
	GlobalSection(ProjectConfigurationPlatforms) = postSolution
		{03378CE8-5EFD-4964-8954-BE563FFE4269}.Debug|Any CPU.ActiveCfg = Debug|Any CPU
		{03378CE8-5EFD-4964-8954-BE563FFE4269}.Debug|Any CPU.Build.0 = Debug|Any CPU
		{03378CE8-5EFD-4964-8954-BE563FFE4269}.Release|Any CPU.ActiveCfg = Release|Any CPU
		{03378CE8-5EFD-4964-8954-BE563FFE4269}.Release|Any CPU.Build.0 = Release|Any CPU
		{B0A26F1F-FC94-41C1-B4F5-337F7C88C08D}.Debug|Any CPU.ActiveCfg = Debug|Any CPU
		{B0A26F1F-FC94-41C1-B4F5-337F7C88C08D}.Debug|Any CPU.Build.0 = Debug|Any CPU
		{B0A26F1F-FC94-41C1-B4F5-337F7C88C08D}.Release|Any CPU.ActiveCfg = Release|Any CPU
		{B0A26F1F-FC94-41C1-B4F5-337F7C88C08D}.Release|Any CPU.Build.0 = Release|Any CPU
		{BA05546C-C295-4CC4-B669-E4672D79B998}.Debug|Any CPU.ActiveCfg = Debug|Any CPU
		{BA05546C-C295-4CC4-B669-E4672D79B998}.Debug|Any CPU.Build.0 = Debug|Any CPU
		{BA05546C-C295-4CC4-B669-E4672D79B998}.Release|Any CPU.ActiveCfg = Release|Any CPU
		{BA05546C-C295-4CC4-B669-E4672D79B998}.Release|Any CPU.Build.0 = Release|Any CPU
		{CFA46781-66EA-4237-B84A-D23FE36740C3}.Debug|Any CPU.ActiveCfg = Debug|Any CPU
		{CFA46781-66EA-4237-B84A-D23FE36740C3}.Debug|Any CPU.Build.0 = Debug|Any CPU
		{CFA46781-66EA-4237-B84A-D23FE36740C3}.Release|Any CPU.ActiveCfg = Release|Any CPU
		{CFA46781-66EA-4237-B84A-D23FE36740C3}.Release|Any CPU.Build.0 = Release|Any CPU
		{22E838DA-011C-4FDF-A238-38887FBF2457}.Debug|Any CPU.ActiveCfg = Debug|Any CPU
		{22E838DA-011C-4FDF-A238-38887FBF2457}.Debug|Any CPU.Build.0 = Debug|Any CPU
		{22E838DA-011C-4FDF-A238-38887FBF2457}.Release|Any CPU.ActiveCfg = Release|Any CPU
		{22E838DA-011C-4FDF-A238-38887FBF2457}.Release|Any CPU.Build.0 = Release|Any CPU
		{D7A66DC7-F497-4280-8793-3F40E0475DAF}.Debug|Any CPU.ActiveCfg = Debug|Any CPU
		{D7A66DC7-F497-4280-8793-3F40E0475DAF}.Debug|Any CPU.Build.0 = Debug|Any CPU
		{D7A66DC7-F497-4280-8793-3F40E0475DAF}.Release|Any CPU.ActiveCfg = Release|Any CPU
		{D7A66DC7-F497-4280-8793-3F40E0475DAF}.Release|Any CPU.Build.0 = Release|Any CPU
	EndGlobalSection
	GlobalSection(SolutionProperties) = preSolution
		HideSolutionNode = FALSE
	EndGlobalSection
	GlobalSection(ExtensibilityGlobals) = postSolution
		SolutionGuid = {FFC593F4-91C7-4EEF-B30C-4D1F06449628}
	EndGlobalSection
EndGlobal
